
Microsoft Visual Studio Solution File, Format Version 12.00
# Visual Studio Version 16
VisualStudioVersion = 16.0.31205.134
MinimumVisualStudioVersion = 10.0.40219.1
Project("{FAE04EC0-301F-11D3-BF4B-00C04F79EFBC}") = "BENGKEL", "BENGKEL\BENGKEL.csproj", "{DDBFE303-6081-434F-B751-2B1A40B27DCA}"
EndProject
Global
	GlobalSection(SolutionConfigurationPlatforms) = preSolution
		Debug|Any CPU = Debug|Any CPU
		Release|Any CPU = Release|Any CPU
	EndGlobalSection
	GlobalSection(ProjectConfigurationPlatforms) = postSolution
		{DDBFE303-6081-434F-B751-2B1A40B27DCA}.Debug|Any CPU.ActiveCfg = Debug|Any CPU
		{DDBFE303-6081-434F-B751-2B1A40B27DCA}.Debug|Any CPU.Build.0 = Debug|Any CPU
		{DDBFE303-6081-434F-B751-2B1A40B27DCA}.Release|Any CPU.ActiveCfg = Release|Any CPU
		{DDBFE303-6081-434F-B751-2B1A40B27DCA}.Release|Any CPU.Build.0 = Release|Any CPU
	EndGlobalSection
	GlobalSection(SolutionProperties) = preSolution
		HideSolutionNode = FALSE
	EndGlobalSection
	GlobalSection(ExtensibilityGlobals) = postSolution
		SolutionGuid = {66AB2A1E-12DD-4C88-9EB5-5A69B424F979}
	EndGlobalSection
EndGlobal
