
Microsoft Visual Studio Solution File, Format Version 12.00
# Visual Studio Version 16
VisualStudioVersion = 16.0.31205.134
MinimumVisualStudioVersion = 10.0.40219.1
Project("{FAE04EC0-301F-11D3-BF4B-00C04F79EFBC}") = "UAS-180010259-BENGKEL", "UAS-180010259-BENGKEL\UAS-180010259-BENGKEL.csproj", "{513A2F62-32BE-43B7-BDE4-9AFFCBD77F01}"
EndProject
Global
	GlobalSection(SolutionConfigurationPlatforms) = preSolution
		Debug|Any CPU = Debug|Any CPU
		Release|Any CPU = Release|Any CPU
	EndGlobalSection
	GlobalSection(ProjectConfigurationPlatforms) = postSolution
		{513A2F62-32BE-43B7-BDE4-9AFFCBD77F01}.Debug|Any CPU.ActiveCfg = Debug|Any CPU
		{513A2F62-32BE-43B7-BDE4-9AFFCBD77F01}.Debug|Any CPU.Build.0 = Debug|Any CPU
		{513A2F62-32BE-43B7-BDE4-9AFFCBD77F01}.Release|Any CPU.ActiveCfg = Release|Any CPU
		{513A2F62-32BE-43B7-BDE4-9AFFCBD77F01}.Release|Any CPU.Build.0 = Release|Any CPU
	EndGlobalSection
	GlobalSection(SolutionProperties) = preSolution
		HideSolutionNode = FALSE
	EndGlobalSection
	GlobalSection(ExtensibilityGlobals) = postSolution
		SolutionGuid = {69E9538E-5C69-4B20-9CB9-C919E13CF2C6}
	EndGlobalSection
EndGlobal
