
Microsoft Visual Studio Solution File, Format Version 12.00
# Visual Studio Version 16
VisualStudioVersion = 16.0.31025.194
MinimumVisualStudioVersion = 10.0.40219.1
Project("{FAE04EC0-301F-11D3-BF4B-00C04F79EFBC}") = "UTS-180010259", "UTS-180010259\UTS-180010259.csproj", "{86E916E4-A62B-4199-93BE-A92036F01232}"
EndProject
Global
	GlobalSection(SolutionConfigurationPlatforms) = preSolution
		Debug|Any CPU = Debug|Any CPU
		Release|Any CPU = Release|Any CPU
	EndGlobalSection
	GlobalSection(ProjectConfigurationPlatforms) = postSolution
		{86E916E4-A62B-4199-93BE-A92036F01232}.Debug|Any CPU.ActiveCfg = Debug|Any CPU
		{86E916E4-A62B-4199-93BE-A92036F01232}.Debug|Any CPU.Build.0 = Debug|Any CPU
		{86E916E4-A62B-4199-93BE-A92036F01232}.Release|Any CPU.ActiveCfg = Release|Any CPU
		{86E916E4-A62B-4199-93BE-A92036F01232}.Release|Any CPU.Build.0 = Release|Any CPU
	EndGlobalSection
	GlobalSection(SolutionProperties) = preSolution
		HideSolutionNode = FALSE
	EndGlobalSection
	GlobalSection(ExtensibilityGlobals) = postSolution
		SolutionGuid = {B8412508-1E8D-4A1F-B7C0-8691BDA0EEBB}
	EndGlobalSection
EndGlobal
